<?xml version="1.0" encoding="utf-8"?>
<Project ToolsVersion="4.0" xmlns="http://schemas.microsoft.com/developer/msbuild/2003">
  <ItemGroup>
    <Filter Include="源文件">
      <UniqueIdentifier>{27564bcb-c43f-4b41-9ed0-9bf028fb7c10}</UniqueIdentifier>
      <Extensions>cpp</Extensions>
    </Filter>
    <Filter Include="头文件">
      <UniqueIdentifier>{382540a3-f65f-403d-9a6a-8725a52a2ba7}</UniqueIdentifier>
      <Extensions>h</Extensions>
    </Filter>
    <Filter Include="资源">
      <UniqueIdentifier>{6c43e8f5-1de5-4c64-9eea-cc5cb343530b}</UniqueIdentifier>
      <Extensions>rc</Extensions>
    </Filter>
  </ItemGroup>
  <ItemGroup>
    <ClCompile Include="..\src\source\FileStrFnc.cpp">
      <Filter>源文件</Filter>
    </ClCompile>
    <ClCompile Include="..\src\source\GDIWavePic.cpp">
      <Filter>源文件</Filter>
    </ClCompile>
    <ClCompile Include="..\src\source\Hotkey.cpp">
      <Filter>源文件</Filter>
    </ClCompile>
    <ClCompile Include="..\src\source\language.cpp">
      <Filter>源文件</Filter>
    </ClCompile>
    <ClCompile Include="..\src\source\MenuData.cpp">
      <Filter>源文件</Filter>
    </ClCompile>
    <ClCompile Include="..\src\source\MenuWithIcon.cpp">
      <Filter>源文件</Filter>
    </ClCompile>
    <ClCompile Include="..\src\source\MsgMap.cpp">
      <Filter>源文件</Filter>
    </ClCompile>
    <ClCompile Include="..\src\source\OwnerDrawMenu.cpp">
      <Filter>源文件</Filter>
    </ClCompile>
    <ClCompile Include="..\src\source\RunDlg.cpp">
      <Filter>源文件</Filter>
    </ClCompile>
    <ClCompile Include="..\src\source\SettingFile.cpp">
      <Filter>源文件</Filter>
    </ClCompile>
    <ClCompile Include="..\src\source\stdafx.cpp">
      <Filter>源文件</Filter>
    </ClCompile>
    <ClCompile Include="..\src\source\TrayStart.cpp">
      <Filter>源文件</Filter>
    </ClCompile>
    <ClCompile Include="..\src\source\WavePic.cpp">
      <Filter>源文件</Filter>
    </ClCompile>
  </ItemGroup>
  <ItemGroup>
    <ClInclude Include="..\src\source\FileStrFnc.h">
      <Filter>头文件</Filter>
    </ClInclude>
    <ClInclude Include="..\src\source\GDIWavePic.h">
      <Filter>头文件</Filter>
    </ClInclude>
    <ClInclude Include="..\src\source\Hotkey.h">
      <Filter>头文件</Filter>
    </ClInclude>
    <ClInclude Include="..\src\source\language.h">
      <Filter>头文件</Filter>
    </ClInclude>
    <ClInclude Include="..\src\source\MenuData.h">
      <Filter>头文件</Filter>
    </ClInclude>
    <ClInclude Include="..\src\source\MenuWithIcon.h">
      <Filter>头文件</Filter>
    </ClInclude>
    <ClInclude Include="..\src\source\MsgMap.h">
      <Filter>头文件</Filter>
    </ClInclude>
    <ClInclude Include="..\src\source\OwnerDrawMenu.h">
      <Filter>头文件</Filter>
    </ClInclude>
    <ClInclude Include="..\src\source\Resource.h">
      <Filter>头文件</Filter>
    </ClInclude>
    <ClInclude Include="..\src\source\RunDlg.h">
      <Filter>头文件</Filter>
    </ClInclude>
    <ClInclude Include="..\src\source\SettingFile.h">
      <Filter>头文件</Filter>
    </ClInclude>
    <ClInclude Include="..\src\source\stdafx.h">
      <Filter>头文件</Filter>
    </ClInclude>
    <ClInclude Include="..\src\source\TrayStart.h">
      <Filter>头文件</Filter>
    </ClInclude>
    <ClInclude Include="..\src\source\WavePic.h">
      <Filter>头文件</Filter>
    </ClInclude>
    <ClInclude Include="..\src\source\appstrings.h">
      <Filter>头文件</Filter>
    </ClInclude>
  </ItemGroup>
  <ItemGroup>
    <ResourceCompile Include="..\src\source\TrayStart.rc">
      <Filter>资源</Filter>
    </ResourceCompile>
  </ItemGroup>
</Project>